
Microsoft Visual Studio Solution File, Format Version 12.00
# Visual Studio Version 16
VisualStudioVersion = 16.0.30804.86
MinimumVisualStudioVersion = 10.0.40219.1
Project("{FAE04EC0-301F-11D3-BF4B-00C04F79EFBC}") = "LiquidSim", "LiquidSim\LiquidSim.csproj", "{5CA3921A-84C0-4102-9A40-AFD6D800AEB1}"
EndProject
Project("{FAE04EC0-301F-11D3-BF4B-00C04F79EFBC}") = "LiquidViz", "LiquidViz\LiquidViz.csproj", "{EBEC22C6-92D5-4C20-9880-833DAC651957}"
EndProject
Global
	GlobalSection(SolutionConfigurationPlatforms) = preSolution
		Debug|Any CPU = Debug|Any CPU
		Release|Any CPU = Release|Any CPU
	EndGlobalSection
	GlobalSection(ProjectConfigurationPlatforms) = postSolution
		{5CA3921A-84C0-4102-9A40-AFD6D800AEB1}.Debug|Any CPU.ActiveCfg = Debug|Any CPU
		{5CA3921A-84C0-4102-9A40-AFD6D800AEB1}.Debug|Any CPU.Build.0 = Debug|Any CPU
		{5CA3921A-84C0-4102-9A40-AFD6D800AEB1}.Release|Any CPU.ActiveCfg = Release|Any CPU
		{5CA3921A-84C0-4102-9A40-AFD6D800AEB1}.Release|Any CPU.Build.0 = Release|Any CPU
		{EBEC22C6-92D5-4C20-9880-833DAC651957}.Debug|Any CPU.ActiveCfg = Debug|Any CPU
		{EBEC22C6-92D5-4C20-9880-833DAC651957}.Debug|Any CPU.Build.0 = Debug|Any CPU
		{EBEC22C6-92D5-4C20-9880-833DAC651957}.Release|Any CPU.ActiveCfg = Release|Any CPU
		{EBEC22C6-92D5-4C20-9880-833DAC651957}.Release|Any CPU.Build.0 = Release|Any CPU
	EndGlobalSection
	GlobalSection(SolutionProperties) = preSolution
		HideSolutionNode = FALSE
	EndGlobalSection
	GlobalSection(ExtensibilityGlobals) = postSolution
		SolutionGuid = {36D79D37-1A65-48A6-83B4-9BE28D84285F}
	EndGlobalSection
EndGlobal
